
Microsoft Visual Studio Solution File, Format Version 12.00
# Visual Studio Version 16
VisualStudioVersion = 16.0.31424.327
MinimumVisualStudioVersion = 10.0.40219.1
Project("{FAE04EC0-301F-11D3-BF4B-00C04F79EFBC}") = "01.CountRealNumbers", "01.CountRealNumbers\01.CountRealNumbers.csproj", "{AD9CDEF0-1EDB-4D4E-868B-2FE1C7C9195B}"
EndProject
Project("{FAE04EC0-301F-11D3-BF4B-00C04F79EFBC}") = "02.OddOccurrences", "02.OddOccurrences\02.OddOccurrences.csproj", "{62FF9736-7DEE-42F9-BF19-C844DD96F346}"
EndProject
Project("{FAE04EC0-301F-11D3-BF4B-00C04F79EFBC}") = "03.WordSynonyms", "03.WordSynonyms\03.WordSynonyms.csproj", "{81C8A466-BB1E-4034-9CB8-1694194AE4E0}"
EndProject
Project("{FAE04EC0-301F-11D3-BF4B-00C04F79EFBC}") = "04.Largest3Numbers", "04.Largest3Numbers\04.Largest3Numbers.csproj", "{027FD4B1-EA46-4F9D-8C0E-4D9E8036B5A0}"
EndProject
Project("{FAE04EC0-301F-11D3-BF4B-00C04F79EFBC}") = "05.WordFilter", "05.WordFilter\05.WordFilter.csproj", "{33B8B5E1-D740-4A64-B526-6FD48C07562B}"
EndProject
Global
	GlobalSection(SolutionConfigurationPlatforms) = preSolution
		Debug|Any CPU = Debug|Any CPU
		Release|Any CPU = Release|Any CPU
	EndGlobalSection
	GlobalSection(ProjectConfigurationPlatforms) = postSolution
		{AD9CDEF0-1EDB-4D4E-868B-2FE1C7C9195B}.Debug|Any CPU.ActiveCfg = Debug|Any CPU
		{AD9CDEF0-1EDB-4D4E-868B-2FE1C7C9195B}.Debug|Any CPU.Build.0 = Debug|Any CPU
		{AD9CDEF0-1EDB-4D4E-868B-2FE1C7C9195B}.Release|Any CPU.ActiveCfg = Release|Any CPU
		{AD9CDEF0-1EDB-4D4E-868B-2FE1C7C9195B}.Release|Any CPU.Build.0 = Release|Any CPU
		{62FF9736-7DEE-42F9-BF19-C844DD96F346}.Debug|Any CPU.ActiveCfg = Debug|Any CPU
		{62FF9736-7DEE-42F9-BF19-C844DD96F346}.Debug|Any CPU.Build.0 = Debug|Any CPU
		{62FF9736-7DEE-42F9-BF19-C844DD96F346}.Release|Any CPU.ActiveCfg = Release|Any CPU
		{62FF9736-7DEE-42F9-BF19-C844DD96F346}.Release|Any CPU.Build.0 = Release|Any CPU
		{81C8A466-BB1E-4034-9CB8-1694194AE4E0}.Debug|Any CPU.ActiveCfg = Debug|Any CPU
		{81C8A466-BB1E-4034-9CB8-1694194AE4E0}.Debug|Any CPU.Build.0 = Debug|Any CPU
		{81C8A466-BB1E-4034-9CB8-1694194AE4E0}.Release|Any CPU.ActiveCfg = Release|Any CPU
		{81C8A466-BB1E-4034-9CB8-1694194AE4E0}.Release|Any CPU.Build.0 = Release|Any CPU
		{027FD4B1-EA46-4F9D-8C0E-4D9E8036B5A0}.Debug|Any CPU.ActiveCfg = Debug|Any CPU
		{027FD4B1-EA46-4F9D-8C0E-4D9E8036B5A0}.Debug|Any CPU.Build.0 = Debug|Any CPU
		{027FD4B1-EA46-4F9D-8C0E-4D9E8036B5A0}.Release|Any CPU.ActiveCfg = Release|Any CPU
		{027FD4B1-EA46-4F9D-8C0E-4D9E8036B5A0}.Release|Any CPU.Build.0 = Release|Any CPU
		{33B8B5E1-D740-4A64-B526-6FD48C07562B}.Debug|Any CPU.ActiveCfg = Debug|Any CPU
		{33B8B5E1-D740-4A64-B526-6FD48C07562B}.Debug|Any CPU.Build.0 = Debug|Any CPU
		{33B8B5E1-D740-4A64-B526-6FD48C07562B}.Release|Any CPU.ActiveCfg = Release|Any CPU
		{33B8B5E1-D740-4A64-B526-6FD48C07562B}.Release|Any CPU.Build.0 = Release|Any CPU
	EndGlobalSection
	GlobalSection(SolutionProperties) = preSolution
		HideSolutionNode = FALSE
	EndGlobalSection
	GlobalSection(ExtensibilityGlobals) = postSolution
		SolutionGuid = {53D132FE-CC97-48E7-96D9-61DCF94F7C47}
	EndGlobalSection
EndGlobal
